
Microsoft Visual Studio Solution File, Format Version 12.00
# Visual Studio Version 16
VisualStudioVersion = 16.0.30011.22
MinimumVisualStudioVersion = 10.0.40219.1
Project("{9A19103F-16F7-4668-BE54-9A1E7A4F7556}") = "Books and authors (simple)", "Books and authors (simple).csproj", "{6BE8B4A9-6905-41F5-BBAB-BE742421EE2D}"
EndProject
Global
	GlobalSection(SolutionConfigurationPlatforms) = preSolution
		Debug|Any CPU = Debug|Any CPU
		Publish|Any CPU = Publish|Any CPU
		Release|Any CPU = Release|Any CPU
	EndGlobalSection
	GlobalSection(ProjectConfigurationPlatforms) = postSolution
		{6BE8B4A9-6905-41F5-BBAB-BE742421EE2D}.Debug|Any CPU.ActiveCfg = Debug|Any CPU
		{6BE8B4A9-6905-41F5-BBAB-BE742421EE2D}.Debug|Any CPU.Build.0 = Debug|Any CPU
		{6BE8B4A9-6905-41F5-BBAB-BE742421EE2D}.Publish|Any CPU.ActiveCfg = Release|Any CPU
		{6BE8B4A9-6905-41F5-BBAB-BE742421EE2D}.Publish|Any CPU.Build.0 = Release|Any CPU
		{6BE8B4A9-6905-41F5-BBAB-BE742421EE2D}.Release|Any CPU.ActiveCfg = Release|Any CPU
		{6BE8B4A9-6905-41F5-BBAB-BE742421EE2D}.Release|Any CPU.Build.0 = Release|Any CPU
	EndGlobalSection
	GlobalSection(SolutionProperties) = preSolution
		HideSolutionNode = FALSE
	EndGlobalSection
	GlobalSection(ExtensibilityGlobals) = postSolution
		SolutionGuid = {3E8356BA-FEF5-4475-B983-06899F3A9AEC}
	EndGlobalSection
EndGlobal
